
Microsoft Visual Studio Solution File, Format Version 12.00
# Visual Studio Version 16
VisualStudioVersion = 16.0.29306.81
MinimumVisualStudioVersion = 10.0.40219.1
Project("{2150E333-8FDC-42A3-9474-1A3956D46DE8}") = "Microservices", "Microservices", "{A6889EE6-0AF9-4F46-8F87-A60CB8AB8FF3}"
EndProject
Project("{2150E333-8FDC-42A3-9474-1A3956D46DE8}") = "Domain", "Domain", "{60D71199-1046-477B-8920-FEE4CE91959E}"
EndProject
Project("{2150E333-8FDC-42A3-9474-1A3956D46DE8}") = "Infra.Bus", "Infra.Bus", "{7EB966E8-DDEE-409B-8A05-3D132440132D}"
EndProject
Project("{2150E333-8FDC-42A3-9474-1A3956D46DE8}") = "Infra.IoC", "Infra.IoC", "{9BE79798-E273-4242-9EC3-C6128C9C4068}"
EndProject
Project("{2150E333-8FDC-42A3-9474-1A3956D46DE8}") = "Presentation", "Presentation", "{D8BF653B-CD8A-4F66-909A-F5614A0F795F}"
EndProject
Project("{FAE04EC0-301F-11D3-BF4B-00C04F79EFBC}") = "MicroRabbit.Domain.Core", "MicroRabbit.Domain.Core\MicroRabbit.Domain.Core.csproj", "{5AB27488-3E64-450B-B6EF-6B0B514FD21E}"
EndProject
Global
	GlobalSection(SolutionConfigurationPlatforms) = preSolution
		Debug|Any CPU = Debug|Any CPU
		Release|Any CPU = Release|Any CPU
	EndGlobalSection
	GlobalSection(ProjectConfigurationPlatforms) = postSolution
		{5AB27488-3E64-450B-B6EF-6B0B514FD21E}.Debug|Any CPU.ActiveCfg = Debug|Any CPU
		{5AB27488-3E64-450B-B6EF-6B0B514FD21E}.Debug|Any CPU.Build.0 = Debug|Any CPU
		{5AB27488-3E64-450B-B6EF-6B0B514FD21E}.Release|Any CPU.ActiveCfg = Release|Any CPU
		{5AB27488-3E64-450B-B6EF-6B0B514FD21E}.Release|Any CPU.Build.0 = Release|Any CPU
	EndGlobalSection
	GlobalSection(SolutionProperties) = preSolution
		HideSolutionNode = FALSE
	EndGlobalSection
	GlobalSection(NestedProjects) = preSolution
		{5AB27488-3E64-450B-B6EF-6B0B514FD21E} = {60D71199-1046-477B-8920-FEE4CE91959E}
	EndGlobalSection
	GlobalSection(ExtensibilityGlobals) = postSolution
		SolutionGuid = {56FF1D68-CD0D-4743-A6D7-C526B40D8C0D}
	EndGlobalSection
EndGlobal
